
Microsoft Visual Studio Solution File, Format Version 12.00
# Visual Studio Version 17
VisualStudioVersion = 17.4.33213.308
MinimumVisualStudioVersion = 10.0.40219.1
Project("{FAE04EC0-301F-11D3-BF4B-00C04F79EFBC}") = "CommandsWithCards", "CommandsWithCards.csproj", "{48F345D0-1E5B-43C8-9CE2-D58AF6DF987F}"
EndProject
Global
	GlobalSection(SolutionConfigurationPlatforms) = preSolution
		Debug|Any CPU = Debug|Any CPU
		Release|Any CPU = Release|Any CPU
	EndGlobalSection
	GlobalSection(ProjectConfigurationPlatforms) = postSolution
		{48F345D0-1E5B-43C8-9CE2-D58AF6DF987F}.Debug|Any CPU.ActiveCfg = Debug|Any CPU
		{48F345D0-1E5B-43C8-9CE2-D58AF6DF987F}.Debug|Any CPU.Build.0 = Debug|Any CPU
		{48F345D0-1E5B-43C8-9CE2-D58AF6DF987F}.Release|Any CPU.ActiveCfg = Release|Any CPU
		{48F345D0-1E5B-43C8-9CE2-D58AF6DF987F}.Release|Any CPU.Build.0 = Release|Any CPU
	EndGlobalSection
	GlobalSection(SolutionProperties) = preSolution
		HideSolutionNode = FALSE
	EndGlobalSection
	GlobalSection(ExtensibilityGlobals) = postSolution
		SolutionGuid = {B22F326D-E931-4551-979C-A00D473B98E0}
	EndGlobalSection
EndGlobal
